// !$*UTF8*$!
{
	archiveVersion = 1;
	classes = {
	};
	objectVersion = 46;
	objects = {

/* Begin PBXBuildFile section */
		BD7084301B9E8D8C006972AB /* main.m in Sources */ = {isa = PBXBuildFile; fileRef = BD70842F1B9E8D8C006972AB /* main.m */; };
		BD7084331B9E8D8C006972AB /* AppDelegate.m in Sources */ = {isa = PBXBuildFile; fileRef = BD7084321B9E8D8C006972AB /* AppDelegate.m */; };
		BD7084361B9E8D8C006972AB /* ViewController.m in Sources */ = {isa = PBXBuildFile; fileRef = BD7084351B9E8D8C006972AB /* ViewController.m */; };
		BD7084391B9E8D8C006972AB /* Main.storyboard in Resources */ = {isa = PBXBuildFile; fileRef = BD7084371B9E8D8C006972AB /* Main.storyboard */; };
		BD70843B1B9E8D8C006972AB /* Images.xcassets in Resources */ = {isa = PBXBuildFile; fileRef = BD70843A1B9E8D8C006972AB /* Images.xcassets */; };
		BD70843E1B9E8D8C006972AB /* LaunchScreen.xib in Resources */ = {isa = PBXBuildFile; fileRef = BD70843C1B9E8D8C006972AB /* LaunchScreen.xib */; };
		BD70844A1B9E8D8C006972AB /* FImageOperationTests.m in Sources */ = {isa = PBXBuildFile; fileRef = BD7084491B9E8D8C006972AB /* FImageOperationTests.m */; };
		BD7084A71B9E8E73006972AB /* FImageOperationManager.m in Sources */ = {isa = PBXBuildFile; fileRef = BD7084A61B9E8E73006972AB /* FImageOperationManager.m */; };
		BD7084AA1B9E8EE9006972AB /* FImageOperationBaseViewController.m in Sources */ = {isa = PBXBuildFile; fileRef = BD7084A91B9E8EE9006972AB /* FImageOperationBaseViewController.m */; };
		BD7084AD1B9E8EFF006972AB /* AppDemo.png in Resources */ = {isa = PBXBuildFile; fileRef = BD7084AB1B9E8EFF006972AB /* AppDemo.png */; };
		BD7084AE1B9E8EFF006972AB /* naicha_mm.jpg in Resources */ = {isa = PBXBuildFile; fileRef = BD7084AC1B9E8EFF006972AB /* naicha_mm.jpg */; };
		BD7084B11B9E92A9006972AB /* FImageOperationRotaingViewController.m in Sources */ = {isa = PBXBuildFile; fileRef = BD7084B01B9E92A9006972AB /* FImageOperationRotaingViewController.m */; };
		BD7084DA1B9E9613006972AB /* image_brush_big@2x.png in Resources */ = {isa = PBXBuildFile; fileRef = BD7084B21B9E9613006972AB /* image_brush_big@2x.png */; };
		BD7084DB1B9E9613006972AB /* image_brush_big@3x.png in Resources */ = {isa = PBXBuildFile; fileRef = BD7084B31B9E9613006972AB /* image_brush_big@3x.png */; };
		BD7084DC1B9E9613006972AB /* image_brush_middle@2x.png in Resources */ = {isa = PBXBuildFile; fileRef = BD7084B41B9E9613006972AB /* image_brush_middle@2x.png */; };
		BD7084DD1B9E9613006972AB /* image_brush_middle@3x.png in Resources */ = {isa = PBXBuildFile; fileRef = BD7084B51B9E9613006972AB /* image_brush_middle@3x.png */; };
		BD7084DE1B9E9613006972AB /* image_brush_small@2x.png in Resources */ = {isa = PBXBuildFile; fileRef = BD7084B61B9E9613006972AB /* image_brush_small@2x.png */; };
		BD7084DF1B9E9613006972AB /* image_brush_small@3x.png in Resources */ = {isa = PBXBuildFile; fileRef = BD7084B71B9E9613006972AB /* image_brush_small@3x.png */; };
		BD7084E01B9E9613006972AB /* image_clip_leftdown@2x.png in Resources */ = {isa = PBXBuildFile; fileRef = BD7084B81B9E9613006972AB /* image_clip_leftdown@2x.png */; };
		BD7084E11B9E9613006972AB /* image_clip_leftdown@3x.png in Resources */ = {isa = PBXBuildFile; fileRef = BD7084B91B9E9613006972AB /* image_clip_leftdown@3x.png */; };
		BD7084E21B9E9613006972AB /* image_clip_leftup@2x.png in Resources */ = {isa = PBXBuildFile; fileRef = BD7084BA1B9E9613006972AB /* image_clip_leftup@2x.png */; };
		BD7084E31B9E9613006972AB /* image_clip_leftup@3x.png in Resources */ = {isa = PBXBuildFile; fileRef = BD7084BB1B9E9613006972AB /* image_clip_leftup@3x.png */; };
		BD7084E41B9E9613006972AB /* image_clip_rightdown@2x.png in Resources */ = {isa = PBXBuildFile; fileRef = BD7084BC1B9E9613006972AB /* image_clip_rightdown@2x.png */; };
		BD7084E51B9E9613006972AB /* image_clip_rightdown@3x.png in Resources */ = {isa = PBXBuildFile; fileRef = BD7084BD1B9E9613006972AB /* image_clip_rightdown@3x.png */; };
		BD7084E61B9E9613006972AB /* image_clip_rightup@2x.png in Resources */ = {isa = PBXBuildFile; fileRef = BD7084BE1B9E9613006972AB /* image_clip_rightup@2x.png */; };
		BD7084E71B9E9613006972AB /* image_clip_rightup@3x.png in Resources */ = {isa = PBXBuildFile; fileRef = BD7084BF1B9E9613006972AB /* image_clip_rightup@3x.png */; };
		BD7084E81B9E9613006972AB /* image_clip@2x.png in Resources */ = {isa = PBXBuildFile; fileRef = BD7084C01B9E9613006972AB /* image_clip@2x.png */; };
		BD7084E91B9E9613006972AB /* image_clip@3x.png in Resources */ = {isa = PBXBuildFile; fileRef = BD7084C11B9E9613006972AB /* image_clip@3x.png */; };
		BD7084EA1B9E9613006972AB /* image_hor@2x.png in Resources */ = {isa = PBXBuildFile; fileRef = BD7084C21B9E9613006972AB /* image_hor@2x.png */; };
		BD7084EB1B9E9613006972AB /* image_hor@3x.png in Resources */ = {isa = PBXBuildFile; fileRef = BD7084C31B9E9613006972AB /* image_hor@3x.png */; };
		BD7084EC1B9E9613006972AB /* image_mosaic_big_click@2x.png in Resources */ = {isa = PBXBuildFile; fileRef = BD7084C41B9E9613006972AB /* image_mosaic_big_click@2x.png */; };
		BD7084ED1B9E9613006972AB /* image_mosaic_big_click@3x.png in Resources */ = {isa = PBXBuildFile; fileRef = BD7084C51B9E9613006972AB /* image_mosaic_big_click@3x.png */; };
		BD7084EE1B9E9613006972AB /* image_mosaic_big@2x.png in Resources */ = {isa = PBXBuildFile; fileRef = BD7084C61B9E9613006972AB /* image_mosaic_big@2x.png */; };
		BD7084EF1B9E9613006972AB /* image_mosaic_big@3x.png in Resources */ = {isa = PBXBuildFile; fileRef = BD7084C71B9E9613006972AB /* image_mosaic_big@3x.png */; };
		BD7084F01B9E9613006972AB /* image_mosaic_cancel@2x.png in Resources */ = {isa = PBXBuildFile; fileRef = BD7084C81B9E9613006972AB /* image_mosaic_cancel@2x.png */; };
		BD7084F11B9E9613006972AB /* image_mosaic_cancel@3x.png in Resources */ = {isa = PBXBuildFile; fileRef = BD7084C91B9E9613006972AB /* image_mosaic_cancel@3x.png */; };
		BD7084F21B9E9613006972AB /* image_mosaic_middle_click@2x.png in Resources */ = {isa = PBXBuildFile; fileRef = BD7084CA1B9E9613006972AB /* image_mosaic_middle_click@2x.png */; };
		BD7084F31B9E9613006972AB /* image_mosaic_middle_click@3x.png in Resources */ = {isa = PBXBuildFile; fileRef = BD7084CB1B9E9613006972AB /* image_mosaic_middle_click@3x.png */; };
		BD7084F41B9E9613006972AB /* image_mosaic_middle@2x.png in Resources */ = {isa = PBXBuildFile; fileRef = BD7084CC1B9E9613006972AB /* image_mosaic_middle@2x.png */; };
		BD7084F51B9E9613006972AB /* image_mosaic_middle@3x.png in Resources */ = {isa = PBXBuildFile; fileRef = BD7084CD1B9E9613006972AB /* image_mosaic_middle@3x.png */; };
		BD7084F61B9E9613006972AB /* image_mosaic_next@2x.png in Resources */ = {isa = PBXBuildFile; fileRef = BD7084CE1B9E9613006972AB /* image_mosaic_next@2x.png */; };
		BD7084F71B9E9613006972AB /* image_mosaic_next@3x.png in Resources */ = {isa = PBXBuildFile; fileRef = BD7084CF1B9E9613006972AB /* image_mosaic_next@3x.png */; };
		BD7084F81B9E9613006972AB /* image_mosaic_small_click@2x.png in Resources */ = {isa = PBXBuildFile; fileRef = BD7084D01B9E9613006972AB /* image_mosaic_small_click@2x.png */; };
		BD7084F91B9E9613006972AB /* image_mosaic_small_click@3x.png in Resources */ = {isa = PBXBuildFile; fileRef = BD7084D11B9E9613006972AB /* image_mosaic_small_click@3x.png */; };
		BD7084FA1B9E9613006972AB /* image_mosaic_small@2x.png in Resources */ = {isa = PBXBuildFile; fileRef = BD7084D21B9E9613006972AB /* image_mosaic_small@2x.png */; };
		BD7084FB1B9E9613006972AB /* image_mosaic_small@3x.png in Resources */ = {isa = PBXBuildFile; fileRef = BD7084D31B9E9613006972AB /* image_mosaic_small@3x.png */; };
		BD7084FC1B9E9613006972AB /* image_mosaic@2x.png in Resources */ = {isa = PBXBuildFile; fileRef = BD7084D41B9E9613006972AB /* image_mosaic@2x.png */; };
		BD7084FD1B9E9613006972AB /* image_mosaic@3x.png in Resources */ = {isa = PBXBuildFile; fileRef = BD7084D51B9E9613006972AB /* image_mosaic@3x.png */; };
		BD7084FE1B9E9613006972AB /* image_rotate@2x.png in Resources */ = {isa = PBXBuildFile; fileRef = BD7084D61B9E9613006972AB /* image_rotate@2x.png */; };
		BD7084FF1B9E9613006972AB /* image_rotate@3x.png in Resources */ = {isa = PBXBuildFile; fileRef = BD7084D71B9E9613006972AB /* image_rotate@3x.png */; };
		BD7085001B9E9613006972AB /* image_ver@2x.png in Resources */ = {isa = PBXBuildFile; fileRef = BD7084D81B9E9613006972AB /* image_ver@2x.png */; };
		BD7085011B9E9613006972AB /* image_ver@3x.png in Resources */ = {isa = PBXBuildFile; fileRef = BD7084D91B9E9613006972AB /* image_ver@3x.png */; };
		BD7085041B9E995E006972AB /* FImageOperationClipViewController.m in Sources */ = {isa = PBXBuildFile; fileRef = BD7085031B9E995E006972AB /* FImageOperationClipViewController.m */; };
		BDD33ABE1B9EB73400AAA793 /* FImageOperationMosaicViewController.m in Sources */ = {isa = PBXBuildFile; fileRef = BDD33ABD1B9EB73400AAA793 /* FImageOperationMosaicViewController.m */; };
		BDD33AC01B9EC57300AAA793 /* FImageOperaionDemo.gif in Resources */ = {isa = PBXBuildFile; fileRef = BDD33ABF1B9EC57300AAA793 /* FImageOperaionDemo.gif */; };
/* End PBXBuildFile section */

/* Begin PBXContainerItemProxy section */
		BD7084441B9E8D8C006972AB /* PBXContainerItemProxy */ = {
			isa = PBXContainerItemProxy;
			containerPortal = BD7084221B9E8D8C006972AB /* Project object */;
			proxyType = 1;
			remoteGlobalIDString = BD7084291B9E8D8C006972AB;
			remoteInfo = FImageOperation;
		};
/* End PBXContainerItemProxy section */

/* Begin PBXFileReference section */
		BD70842A1B9E8D8C006972AB /* FImageOperation.app */ = {isa = PBXFileReference; explicitFileType = wrapper.application; includeInIndex = 0; path = FImageOperation.app; sourceTree = BUILT_PRODUCTS_DIR; };
		BD70842E1B9E8D8C006972AB /* Info.plist */ = {isa = PBXFileReference; lastKnownFileType = text.plist.xml; path = Info.plist; sourceTree = "<group>"; };
		BD70842F1B9E8D8C006972AB /* main.m */ = {isa = PBXFileReference; lastKnownFileType = sourcecode.c.objc; path = main.m; sourceTree = "<group>"; };
		BD7084311B9E8D8C006972AB /* AppDelegate.h */ = {isa = PBXFileReference; lastKnownFileType = sourcecode.c.h; path = AppDelegate.h; sourceTree = "<group>"; };
		BD7084321B9E8D8C006972AB /* AppDelegate.m */ = {isa = PBXFileReference; lastKnownFileType = sourcecode.c.objc; path = AppDelegate.m; sourceTree = "<group>"; };
		BD7084341B9E8D8C006972AB /* ViewController.h */ = {isa = PBXFileReference; lastKnownFileType = sourcecode.c.h; path = ViewController.h; sourceTree = "<group>"; };
		BD7084351B9E8D8C006972AB /* ViewController.m */ = {isa = PBXFileReference; lastKnownFileType = sourcecode.c.objc; path = ViewController.m; sourceTree = "<group>"; };
		BD7084381B9E8D8C006972AB /* Base */ = {isa = PBXFileReference; lastKnownFileType = file.storyboard; name = Base; path = Base.lproj/Main.storyboard; sourceTree = "<group>"; };
		BD70843A1B9E8D8C006972AB /* Images.xcassets */ = {isa = PBXFileReference; lastKnownFileType = folder.assetcatalog; path = Images.xcassets; sourceTree = "<group>"; };
		BD70843D1B9E8D8C006972AB /* Base */ = {isa = PBXFileReference; lastKnownFileType = file.xib; name = Base; path = Base.lproj/LaunchScreen.xib; sourceTree = "<group>"; };
		BD7084431B9E8D8C006972AB /* FImageOperationTests.xctest */ = {isa = PBXFileReference; explicitFileType = wrapper.cfbundle; includeInIndex = 0; path = FImageOperationTests.xctest; sourceTree = BUILT_PRODUCTS_DIR; };
		BD7084481B9E8D8C006972AB /* Info.plist */ = {isa = PBXFileReference; lastKnownFileType = text.plist.xml; path = Info.plist; sourceTree = "<group>"; };
		BD7084491B9E8D8C006972AB /* FImageOperationTests.m */ = {isa = PBXFileReference; lastKnownFileType = sourcecode.c.objc; path = FImageOperationTests.m; sourceTree = "<group>"; };
		BD7084A51B9E8E73006972AB /* FImageOperationManager.h */ = {isa = PBXFileReference; fileEncoding = 4; lastKnownFileType = sourcecode.c.h; path = FImageOperationManager.h; sourceTree = "<group>"; };
		BD7084A61B9E8E73006972AB /* FImageOperationManager.m */ = {isa = PBXFileReference; fileEncoding = 4; lastKnownFileType = sourcecode.c.objc; path = FImageOperationManager.m; sourceTree = "<group>"; };
		BD7084A81B9E8EE9006972AB /* FImageOperationBaseViewController.h */ = {isa = PBXFileReference; fileEncoding = 4; lastKnownFileType = sourcecode.c.h; path = FImageOperationBaseViewController.h; sourceTree = "<group>"; };
		BD7084A91B9E8EE9006972AB /* FImageOperationBaseViewController.m */ = {isa = PBXFileReference; fileEncoding = 4; lastKnownFileType = sourcecode.c.objc; path = FImageOperationBaseViewController.m; sourceTree = "<group>"; };
		BD7084AB1B9E8EFF006972AB /* AppDemo.png */ = {isa = PBXFileReference; lastKnownFileType = image.png; path = AppDemo.png; sourceTree = "<group>"; };
		BD7084AC1B9E8EFF006972AB /* naicha_mm.jpg */ = {isa = PBXFileReference; lastKnownFileType = image.jpeg; path = naicha_mm.jpg; sourceTree = "<group>"; };
		BD7084AF1B9E92A9006972AB /* FImageOperationRotaingViewController.h */ = {isa = PBXFileReference; fileEncoding = 4; lastKnownFileType = sourcecode.c.h; path = FImageOperationRotaingViewController.h; sourceTree = "<group>"; };
		BD7084B01B9E92A9006972AB /* FImageOperationRotaingViewController.m */ = {isa = PBXFileReference; fileEncoding = 4; lastKnownFileType = sourcecode.c.objc; path = FImageOperationRotaingViewController.m; sourceTree = "<group>"; };
		BD7084B21B9E9613006972AB /* image_brush_big@2x.png */ = {isa = PBXFileReference; lastKnownFileType = image.png; path = "image_brush_big@2x.png"; sourceTree = "<group>"; };
		BD7084B31B9E9613006972AB /* image_brush_big@3x.png */ = {isa = PBXFileReference; lastKnownFileType = image.png; path = "image_brush_big@3x.png"; sourceTree = "<group>"; };
		BD7084B41B9E9613006972AB /* image_brush_middle@2x.png */ = {isa = PBXFileReference; lastKnownFileType = image.png; path = "image_brush_middle@2x.png"; sourceTree = "<group>"; };
		BD7084B51B9E9613006972AB /* image_brush_middle@3x.png */ = {isa = PBXFileReference; lastKnownFileType = image.png; path = "image_brush_middle@3x.png"; sourceTree = "<group>"; };
		BD7084B61B9E9613006972AB /* image_brush_small@2x.png */ = {isa = PBXFileReference; lastKnownFileType = image.png; path = "image_brush_small@2x.png"; sourceTree = "<group>"; };
		BD7084B71B9E9613006972AB /* image_brush_small@3x.png */ = {isa = PBXFileReference; lastKnownFileType = image.png; path = "image_brush_small@3x.png"; sourceTree = "<group>"; };
		BD7084B81B9E9613006972AB /* image_clip_leftdown@2x.png */ = {isa = PBXFileReference; lastKnownFileType = image.png; path = "image_clip_leftdown@2x.png"; sourceTree = "<group>"; };
		BD7084B91B9E9613006972AB /* image_clip_leftdown@3x.png */ = {isa = PBXFileReference; lastKnownFileType = image.png; path = "image_clip_leftdown@3x.png"; sourceTree = "<group>"; };
		BD7084BA1B9E9613006972AB /* image_clip_leftup@2x.png */ = {isa = PBXFileReference; lastKnownFileType = image.png; path = "image_clip_leftup@2x.png"; sourceTree = "<group>"; };
		BD7084BB1B9E9613006972AB /* image_clip_leftup@3x.png */ = {isa = PBXFileReference; lastKnownFileType = image.png; path = "image_clip_leftup@3x.png"; sourceTree = "<group>"; };
		BD7084BC1B9E9613006972AB /* image_clip_rightdown@2x.png */ = {isa = PBXFileReference; lastKnownFileType = image.png; path = "image_clip_rightdown@2x.png"; sourceTree = "<group>"; };
		BD7084BD1B9E9613006972AB /* image_clip_rightdown@3x.png */ = {isa = PBXFileReference; lastKnownFileType = image.png; path = "image_clip_rightdown@3x.png"; sourceTree = "<group>"; };
		BD7084BE1B9E9613006972AB /* image_clip_rightup@2x.png */ = {isa = PBXFileReference; lastKnownFileType = image.png; path = "image_clip_rightup@2x.png"; sourceTree = "<group>"; };
		BD7084BF1B9E9613006972AB /* image_clip_rightup@3x.png */ = {isa = PBXFileReference; lastKnownFileType = image.png; path = "image_clip_rightup@3x.png"; sourceTree = "<group>"; };
		BD7084C01B9E9613006972AB /* image_clip@2x.png */ = {isa = PBXFileReference; lastKnownFileType = image.png; path = "image_clip@2x.png"; sourceTree = "<group>"; };
		BD7084C11B9E9613006972AB /* image_clip@3x.png */ = {isa = PBXFileReference; lastKnownFileType = image.png; path = "image_clip@3x.png"; sourceTree = "<group>"; };
		BD7084C21B9E9613006972AB /* image_hor@2x.png */ = {isa = PBXFileReference; lastKnownFileType = image.png; path = "image_hor@2x.png"; sourceTree = "<group>"; };
		BD7084C31B9E9613006972AB /* image_hor@3x.png */ = {isa = PBXFileReference; lastKnownFileType = image.png; path = "image_hor@3x.png"; sourceTree = "<group>"; };
		BD7084C41B9E9613006972AB /* image_mosaic_big_click@2x.png */ = {isa = PBXFileReference; lastKnownFileType = image.png; path = "image_mosaic_big_click@2x.png"; sourceTree = "<group>"; };
		BD7084C51B9E9613006972AB /* image_mosaic_big_click@3x.png */ = {isa = PBXFileReference; lastKnownFileType = image.png; path = "image_mosaic_big_click@3x.png"; sourceTree = "<group>"; };
		BD7084C61B9E9613006972AB /* image_mosaic_big@2x.png */ = {isa = PBXFileReference; lastKnownFileType = image.png; path = "image_mosaic_big@2x.png"; sourceTree = "<group>"; };
		BD7084C71B9E9613006972AB /* image_mosaic_big@3x.png */ = {isa = PBXFileReference; lastKnownFileType = image.png; path = "image_mosaic_big@3x.png"; sourceTree = "<group>"; };
		BD7084C81B9E9613006972AB /* image_mosaic_cancel@2x.png */ = {isa = PBXFileReference; lastKnownFileType = image.png; path = "image_mosaic_cancel@2x.png"; sourceTree = "<group>"; };
		BD7084C91B9E9613006972AB /* image_mosaic_cancel@3x.png */ = {isa = PBXFileReference; lastKnownFileType = image.png; path = "image_mosaic_cancel@3x.png"; sourceTree = "<group>"; };
		BD7084CA1B9E9613006972AB /* image_mosaic_middle_click@2x.png */ = {isa = PBXFileReference; lastKnownFileType = image.png; path = "image_mosaic_middle_click@2x.png"; sourceTree = "<group>"; };
		BD7084CB1B9E9613006972AB /* image_mosaic_middle_click@3x.png */ = {isa = PBXFileReference; lastKnownFileType = image.png; path = "image_mosaic_middle_click@3x.png"; sourceTree = "<group>"; };
		BD7084CC1B9E9613006972AB /* image_mosaic_middle@2x.png */ = {isa = PBXFileReference; lastKnownFileType = image.png; path = "image_mosaic_middle@2x.png"; sourceTree = "<group>"; };
		BD7084CD1B9E9613006972AB /* image_mosaic_middle@3x.png */ = {isa = PBXFileReference; lastKnownFileType = image.png; path = "image_mosaic_middle@3x.png"; sourceTree = "<group>"; };
		BD7084CE1B9E9613006972AB /* image_mosaic_next@2x.png */ = {isa = PBXFileReference; lastKnownFileType = image.png; path = "image_mosaic_next@2x.png"; sourceTree = "<group>"; };
		BD7084CF1B9E9613006972AB /* image_mosaic_next@3x.png */ = {isa = PBXFileReference; lastKnownFileType = image.png; path = "image_mosaic_next@3x.png"; sourceTree = "<group>"; };
		BD7084D01B9E9613006972AB /* image_mosaic_small_click@2x.png */ = {isa = PBXFileReference; lastKnownFileType = image.png; path = "image_mosaic_small_click@2x.png"; sourceTree = "<group>"; };
		BD7084D11B9E9613006972AB /* image_mosaic_small_click@3x.png */ = {isa = PBXFileReference; lastKnownFileType = image.png; path = "image_mosaic_small_click@3x.png"; sourceTree = "<group>"; };
		BD7084D21B9E9613006972AB /* image_mosaic_small@2x.png */ = {isa = PBXFileReference; lastKnownFileType = image.png; path = "image_mosaic_small@2x.png"; sourceTree = "<group>"; };
		BD7084D31B9E9613006972AB /* image_mosaic_small@3x.png */ = {isa = PBXFileReference; lastKnownFileType = image.png; path = "image_mosaic_small@3x.png"; sourceTree = "<group>"; };
		BD7084D41B9E9613006972AB /* image_mosaic@2x.png */ = {isa = PBXFileReference; lastKnownFileType = image.png; path = "image_mosaic@2x.png"; sourceTree = "<group>"; };
		BD7084D51B9E9613006972AB /* image_mosaic@3x.png */ = {isa = PBXFileReference; lastKnownFileType = image.png; path = "image_mosaic@3x.png"; sourceTree = "<group>"; };
		BD7084D61B9E9613006972AB /* image_rotate@2x.png */ = {isa = PBXFileReference; lastKnownFileType = image.png; path = "image_rotate@2x.png"; sourceTree = "<group>"; };
		BD7084D71B9E9613006972AB /* image_rotate@3x.png */ = {isa = PBXFileReference; lastKnownFileType = image.png; path = "image_rotate@3x.png"; sourceTree = "<group>"; };
		BD7084D81B9E9613006972AB /* image_ver@2x.png */ = {isa = PBXFileReference; lastKnownFileType = image.png; path = "image_ver@2x.png"; sourceTree = "<group>"; };
		BD7084D91B9E9613006972AB /* image_ver@3x.png */ = {isa = PBXFileReference; lastKnownFileType = image.png; path = "image_ver@3x.png"; sourceTree = "<group>"; };
		BD7085021B9E995E006972AB /* FImageOperationClipViewController.h */ = {isa = PBXFileReference; fileEncoding = 4; lastKnownFileType = sourcecode.c.h; path = FImageOperationClipViewController.h; sourceTree = "<group>"; };
		BD7085031B9E995E006972AB /* FImageOperationClipViewController.m */ = {isa = PBXFileReference; fileEncoding = 4; lastKnownFileType = sourcecode.c.objc; path = FImageOperationClipViewController.m; sourceTree = "<group>"; };
		BDD33ABC1B9EB73400AAA793 /* FImageOperationMosaicViewController.h */ = {isa = PBXFileReference; fileEncoding = 4; lastKnownFileType = sourcecode.c.h; path = FImageOperationMosaicViewController.h; sourceTree = "<group>"; };
		BDD33ABD1B9EB73400AAA793 /* FImageOperationMosaicViewController.m */ = {isa = PBXFileReference; fileEncoding = 4; lastKnownFileType = sourcecode.c.objc; path = FImageOperationMosaicViewController.m; sourceTree = "<group>"; };
		BDD33ABF1B9EC57300AAA793 /* FImageOperaionDemo.gif */ = {isa = PBXFileReference; lastKnownFileType = image.gif; path = FImageOperaionDemo.gif; sourceTree = "<group>"; };
/* End PBXFileReference section */

/* Begin PBXFrameworksBuildPhase section */
		BD7084271B9E8D8C006972AB /* Frameworks */ = {
			isa = PBXFrameworksBuildPhase;
			buildActionMask = 2147483647;
			files = (
			);
			runOnlyForDeploymentPostprocessing = 0;
		};
		BD7084401B9E8D8C006972AB /* Frameworks */ = {
			isa = PBXFrameworksBuildPhase;
			buildActionMask = 2147483647;
			files = (
			);
			runOnlyForDeploymentPostprocessing = 0;
		};
/* End PBXFrameworksBuildPhase section */

/* Begin PBXGroup section */
		BD7084211B9E8D8C006972AB = {
			isa = PBXGroup;
			children = (
				BD70842C1B9E8D8C006972AB /* FImageOperation */,
				BD7084461B9E8D8C006972AB /* FImageOperationTests */,
				BD70842B1B9E8D8C006972AB /* Products */,
			);
			sourceTree = "<group>";
		};
		BD70842B1B9E8D8C006972AB /* Products */ = {
			isa = PBXGroup;
			children = (
				BD70842A1B9E8D8C006972AB /* FImageOperation.app */,
				BD7084431B9E8D8C006972AB /* FImageOperationTests.xctest */,
			);
			name = Products;
			sourceTree = "<group>";
		};
		BD70842C1B9E8D8C006972AB /* FImageOperation */ = {
			isa = PBXGroup;
			children = (
				BD7084531B9E8DAE006972AB /* FImageOperation */,
				BD7084311B9E8D8C006972AB /* AppDelegate.h */,
				BD7084321B9E8D8C006972AB /* AppDelegate.m */,
				BD7084341B9E8D8C006972AB /* ViewController.h */,
				BD7084351B9E8D8C006972AB /* ViewController.m */,
				BD7084371B9E8D8C006972AB /* Main.storyboard */,
				BD70843A1B9E8D8C006972AB /* Images.xcassets */,
				BD7084AB1B9E8EFF006972AB /* AppDemo.png */,
				BD7084AC1B9E8EFF006972AB /* naicha_mm.jpg */,
				BDD33ABF1B9EC57300AAA793 /* FImageOperaionDemo.gif */,
				BD70843C1B9E8D8C006972AB /* LaunchScreen.xib */,
				BD70842D1B9E8D8C006972AB /* Supporting Files */,
			);
			path = FImageOperation;
			sourceTree = "<group>";
		};
		BD70842D1B9E8D8C006972AB /* Supporting Files */ = {
			isa = PBXGroup;
			children = (
				BD70842E1B9E8D8C006972AB /* Info.plist */,
				BD70842F1B9E8D8C006972AB /* main.m */,
			);
			name = "Supporting Files";
			sourceTree = "<group>";
		};
		BD7084461B9E8D8C006972AB /* FImageOperationTests */ = {
			isa = PBXGroup;
			children = (
				BD7084491B9E8D8C006972AB /* FImageOperationTests.m */,
				BD7084471B9E8D8C006972AB /* Supporting Files */,
			);
			path = FImageOperationTests;
			sourceTree = "<group>";
		};
		BD7084471B9E8D8C006972AB /* Supporting Files */ = {
			isa = PBXGroup;
			children = (
				BD7084481B9E8D8C006972AB /* Info.plist */,
			);
			name = "Supporting Files";
			sourceTree = "<group>";
		};
		BD7084531B9E8DAE006972AB /* FImageOperation */ = {
			isa = PBXGroup;
			children = (
				BD7084A51B9E8E73006972AB /* FImageOperationManager.h */,
				BD7084A61B9E8E73006972AB /* FImageOperationManager.m */,
				BD7084A81B9E8EE9006972AB /* FImageOperationBaseViewController.h */,
				BD7084A91B9E8EE9006972AB /* FImageOperationBaseViewController.m */,
				BD7084AF1B9E92A9006972AB /* FImageOperationRotaingViewController.h */,
				BD7084B01B9E92A9006972AB /* FImageOperationRotaingViewController.m */,
				BD7085021B9E995E006972AB /* FImageOperationClipViewController.h */,
				BD7085031B9E995E006972AB /* FImageOperationClipViewController.m */,
				BDD33ABC1B9EB73400AAA793 /* FImageOperationMosaicViewController.h */,
				BDD33ABD1B9EB73400AAA793 /* FImageOperationMosaicViewController.m */,
				BD7084541B9E8DBF006972AB /* Resources */,
			);
			path = FImageOperation;
			sourceTree = "<group>";
		};
		BD7084541B9E8DBF006972AB /* Resources */ = {
			isa = PBXGroup;
			children = (
				BD7084B21B9E9613006972AB /* image_brush_big@2x.png */,
				BD7084B31B9E9613006972AB /* image_brush_big@3x.png */,
				BD7084B41B9E9613006972AB /* image_brush_middle@2x.png */,
				BD7084B51B9E9613006972AB /* image_brush_middle@3x.png */,
				BD7084B61B9E9613006972AB /* image_brush_small@2x.png */,
				BD7084B71B9E9613006972AB /* image_brush_small@3x.png */,
				BD7084B81B9E9613006972AB /* image_clip_leftdown@2x.png */,
				BD7084B91B9E9613006972AB /* image_clip_leftdown@3x.png */,
				BD7084BA1B9E9613006972AB /* image_clip_leftup@2x.png */,
				BD7084BB1B9E9613006972AB /* image_clip_leftup@3x.png */,
				BD7084BC1B9E9613006972AB /* image_clip_rightdown@2x.png */,
				BD7084BD1B9E9613006972AB /* image_clip_rightdown@3x.png */,
				BD7084BE1B9E9613006972AB /* image_clip_rightup@2x.png */,
				BD7084BF1B9E9613006972AB /* image_clip_rightup@3x.png */,
				BD7084C01B9E9613006972AB /* image_clip@2x.png */,
				BD7084C11B9E9613006972AB /* image_clip@3x.png */,
				BD7084C21B9E9613006972AB /* image_hor@2x.png */,
				BD7084C31B9E9613006972AB /* image_hor@3x.png */,
				BD7084C41B9E9613006972AB /* image_mosaic_big_click@2x.png */,
				BD7084C51B9E9613006972AB /* image_mosaic_big_click@3x.png */,
				BD7084C61B9E9613006972AB /* image_mosaic_big@2x.png */,
				BD7084C71B9E9613006972AB /* image_mosaic_big@3x.png */,
				BD7084C81B9E9613006972AB /* image_mosaic_cancel@2x.png */,
				BD7084C91B9E9613006972AB /* image_mosaic_cancel@3x.png */,
				BD7084CA1B9E9613006972AB /* image_mosaic_middle_click@2x.png */,
				BD7084CB1B9E9613006972AB /* image_mosaic_middle_click@3x.png */,
				BD7084CC1B9E9613006972AB /* image_mosaic_middle@2x.png */,
				BD7084CD1B9E9613006972AB /* image_mosaic_middle@3x.png */,
				BD7084CE1B9E9613006972AB /* image_mosaic_next@2x.png */,
				BD7084CF1B9E9613006972AB /* image_mosaic_next@3x.png */,
				BD7084D01B9E9613006972AB /* image_mosaic_small_click@2x.png */,
				BD7084D11B9E9613006972AB /* image_mosaic_small_click@3x.png */,
				BD7084D21B9E9613006972AB /* image_mosaic_small@2x.png */,
				BD7084D31B9E9613006972AB /* image_mosaic_small@3x.png */,
				BD7084D41B9E9613006972AB /* image_mosaic@2x.png */,
				BD7084D51B9E9613006972AB /* image_mosaic@3x.png */,
				BD7084D61B9E9613006972AB /* image_rotate@2x.png */,
				BD7084D71B9E9613006972AB /* image_rotate@3x.png */,
				BD7084D81B9E9613006972AB /* image_ver@2x.png */,
				BD7084D91B9E9613006972AB /* image_ver@3x.png */,
			);
			path = Resources;
			sourceTree = "<group>";
		};
/* End PBXGroup section */

/* Begin PBXNativeTarget section */
		BD7084291B9E8D8C006972AB /* FImageOperation */ = {
			isa = PBXNativeTarget;
			buildConfigurationList = BD70844D1B9E8D8C006972AB /* Build configuration list for PBXNativeTarget "FImageOperation" */;
			buildPhases = (
				BD7084261B9E8D8C006972AB /* Sources */,
				BD7084271B9E8D8C006972AB /* Frameworks */,
				BD7084281B9E8D8C006972AB /* Resources */,
			);
			buildRules = (
			);
			dependencies = (
			);
			name = FImageOperation;
			productName = FImageOperation;
			productReference = BD70842A1B9E8D8C006972AB /* FImageOperation.app */;
			productType = "com.apple.product-type.application";
		};
		BD7084421B9E8D8C006972AB /* FImageOperationTests */ = {
			isa = PBXNativeTarget;
			buildConfigurationList = BD7084501B9E8D8C006972AB /* Build configuration list for PBXNativeTarget "FImageOperationTests" */;
			buildPhases = (
				BD70843F1B9E8D8C006972AB /* Sources */,
				BD7084401B9E8D8C006972AB /* Frameworks */,
				BD7084411B9E8D8C006972AB /* Resources */,
			);
			buildRules = (
			);
			dependencies = (
				BD7084451B9E8D8C006972AB /* PBXTargetDependency */,
			);
			name = FImageOperationTests;
			productName = FImageOperationTests;
			productReference = BD7084431B9E8D8C006972AB /* FImageOperationTests.xctest */;
			productType = "com.apple.product-type.bundle.unit-test";
		};
/* End PBXNativeTarget section */

/* Begin PBXProject section */
		BD7084221B9E8D8C006972AB /* Project object */ = {
			isa = PBXProject;
			attributes = {
				LastUpgradeCheck = 0640;
				ORGANIZATIONNAME = Frank;
				TargetAttributes = {
					BD7084291B9E8D8C006972AB = {
						CreatedOnToolsVersion = 6.4;
					};
					BD7084421B9E8D8C006972AB = {
						CreatedOnToolsVersion = 6.4;
						TestTargetID = BD7084291B9E8D8C006972AB;
					};
				};
			};
			buildConfigurationList = BD7084251B9E8D8C006972AB /* Build configuration list for PBXProject "FImageOperation" */;
			compatibilityVersion = "Xcode 3.2";
			developmentRegion = English;
			hasScannedForEncodings = 0;
			knownRegions = (
				en,
				Base,
			);
			mainGroup = BD7084211B9E8D8C006972AB;
			productRefGroup = BD70842B1B9E8D8C006972AB /* Products */;
			projectDirPath = "";
			projectRoot = "";
			targets = (
				BD7084291B9E8D8C006972AB /* FImageOperation */,
				BD7084421B9E8D8C006972AB /* FImageOperationTests */,
			);
		};
/* End PBXProject section */

/* Begin PBXResourcesBuildPhase section */
		BD7084281B9E8D8C006972AB /* Resources */ = {
			isa = PBXResourcesBuildPhase;
			buildActionMask = 2147483647;
			files = (
				BD7084F91B9E9613006972AB /* image_mosaic_small_click@3x.png in Resources */,
				BD7084FF1B9E9613006972AB /* image_rotate@3x.png in Resources */,
				BD7084E61B9E9613006972AB /* image_clip_rightup@2x.png in Resources */,
				BD7084E21B9E9613006972AB /* image_clip_leftup@2x.png in Resources */,
				BD7084ED1B9E9613006972AB /* image_mosaic_big_click@3x.png in Resources */,
				BD7084FD1B9E9613006972AB /* image_mosaic@3x.png in Resources */,
				BD7084F41B9E9613006972AB /* image_mosaic_middle@2x.png in Resources */,
				BD7084E51B9E9613006972AB /* image_clip_rightdown@3x.png in Resources */,
				BD7084FC1B9E9613006972AB /* image_mosaic@2x.png in Resources */,
				BD7084391B9E8D8C006972AB /* Main.storyboard in Resources */,
				BD7084E81B9E9613006972AB /* image_clip@2x.png in Resources */,
				BD7084DF1B9E9613006972AB /* image_brush_small@3x.png in Resources */,
				BD7084FB1B9E9613006972AB /* image_mosaic_small@3x.png in Resources */,
				BD70843E1B9E8D8C006972AB /* LaunchScreen.xib in Resources */,
				BD7084DD1B9E9613006972AB /* image_brush_middle@3x.png in Resources */,
				BD7084EB1B9E9613006972AB /* image_hor@3x.png in Resources */,
				BD7085001B9E9613006972AB /* image_ver@2x.png in Resources */,
				BD7084DC1B9E9613006972AB /* image_brush_middle@2x.png in Resources */,
				BD7084F71B9E9613006972AB /* image_mosaic_next@3x.png in Resources */,
				BD7084FA1B9E9613006972AB /* image_mosaic_small@2x.png in Resources */,
				BD7084F11B9E9613006972AB /* image_mosaic_cancel@3x.png in Resources */,
				BD7084EE1B9E9613006972AB /* image_mosaic_big@2x.png in Resources */,
				BD7084DB1B9E9613006972AB /* image_brush_big@3x.png in Resources */,
				BD7084FE1B9E9613006972AB /* image_rotate@2x.png in Resources */,
				BD7084EA1B9E9613006972AB /* image_hor@2x.png in Resources */,
				BDD33AC01B9EC57300AAA793 /* FImageOperaionDemo.gif in Resources */,
				BD7084E41B9E9613006972AB /* image_clip_rightdown@2x.png in Resources */,
				BD7084E11B9E9613006972AB /* image_clip_leftdown@3x.png in Resources */,
				BD7084F81B9E9613006972AB /* image_mosaic_small_click@2x.png in Resources */,
				BD7084E71B9E9613006972AB /* image_clip_rightup@3x.png in Resources */,
				BD7084E31B9E9613006972AB /* image_clip_leftup@3x.png in Resources */,
				BD7085011B9E9613006972AB /* image_ver@3x.png in Resources */,
				BD7084DE1B9E9613006972AB /* image_brush_small@2x.png in Resources */,
				BD7084F21B9E9613006972AB /* image_mosaic_middle_click@2x.png in Resources */,
				BD70843B1B9E8D8C006972AB /* Images.xcassets in Resources */,
				BD7084AD1B9E8EFF006972AB /* AppDemo.png in Resources */,
				BD7084E91B9E9613006972AB /* image_clip@3x.png in Resources */,
				BD7084F01B9E9613006972AB /* image_mosaic_cancel@2x.png in Resources */,
				BD7084F51B9E9613006972AB /* image_mosaic_middle@3x.png in Resources */,
				BD7084EF1B9E9613006972AB /* image_mosaic_big@3x.png in Resources */,
				BD7084F31B9E9613006972AB /* image_mosaic_middle_click@3x.png in Resources */,
				BD7084DA1B9E9613006972AB /* image_brush_big@2x.png in Resources */,
				BD7084AE1B9E8EFF006972AB /* naicha_mm.jpg in Resources */,
				BD7084EC1B9E9613006972AB /* image_mosaic_big_click@2x.png in Resources */,
				BD7084E01B9E9613006972AB /* image_clip_leftdown@2x.png in Resources */,
				BD7084F61B9E9613006972AB /* image_mosaic_next@2x.png in Resources */,
			);
			runOnlyForDeploymentPostprocessing = 0;
		};
		BD7084411B9E8D8C006972AB /* Resources */ = {
			isa = PBXResourcesBuildPhase;
			buildActionMask = 2147483647;
			files = (
			);
			runOnlyForDeploymentPostprocessing = 0;
		};
/* End PBXResourcesBuildPhase section */

/* Begin PBXSourcesBuildPhase section */
		BD7084261B9E8D8C006972AB /* Sources */ = {
			isa = PBXSourcesBuildPhase;
			buildActionMask = 2147483647;
			files = (
				BD7084A71B9E8E73006972AB /* FImageOperationManager.m in Sources */,
				BD7084361B9E8D8C006972AB /* ViewController.m in Sources */,
				BD7084B11B9E92A9006972AB /* FImageOperationRotaingViewController.m in Sources */,
				BD7084AA1B9E8EE9006972AB /* FImageOperationBaseViewController.m in Sources */,
				BD7084331B9E8D8C006972AB /* AppDelegate.m in Sources */,
				BDD33ABE1B9EB73400AAA793 /* FImageOperationMosaicViewController.m in Sources */,
				BD7085041B9E995E006972AB /* FImageOperationClipViewController.m in Sources */,
				BD7084301B9E8D8C006972AB /* main.m in Sources */,
			);
			runOnlyForDeploymentPostprocessing = 0;
		};
		BD70843F1B9E8D8C006972AB /* Sources */ = {
			isa = PBXSourcesBuildPhase;
			buildActionMask = 2147483647;
			files = (
				BD70844A1B9E8D8C006972AB /* FImageOperationTests.m in Sources */,
			);
			runOnlyForDeploymentPostprocessing = 0;
		};
/* End PBXSourcesBuildPhase section */

/* Begin PBXTargetDependency section */
		BD7084451B9E8D8C006972AB /* PBXTargetDependency */ = {
			isa = PBXTargetDependency;
			target = BD7084291B9E8D8C006972AB /* FImageOperation */;
			targetProxy = BD7084441B9E8D8C006972AB /* PBXContainerItemProxy */;
		};
/* End PBXTargetDependency section */

/* Begin PBXVariantGroup section */
		BD7084371B9E8D8C006972AB /* Main.storyboard */ = {
			isa = PBXVariantGroup;
			children = (
				BD7084381B9E8D8C006972AB /* Base */,
			);
			name = Main.storyboard;
			sourceTree = "<group>";
		};
		BD70843C1B9E8D8C006972AB /* LaunchScreen.xib */ = {
			isa = PBXVariantGroup;
			children = (
				BD70843D1B9E8D8C006972AB /* Base */,
			);
			name = LaunchScreen.xib;
			sourceTree = "<group>";
		};
/* End PBXVariantGroup section */

/* Begin XCBuildConfiguration section */
		BD70844B1B9E8D8C006972AB /* Debug */ = {
			isa = XCBuildConfiguration;
			buildSettings = {
				ALWAYS_SEARCH_USER_PATHS = NO;
				CLANG_CXX_LANGUAGE_STANDARD = "gnu++0x";
				CLANG_CXX_LIBRARY = "libc++";
				CLANG_ENABLE_MODULES = YES;
				CLANG_ENABLE_OBJC_ARC = YES;
				CLANG_WARN_BOOL_CONVERSION = YES;
				CLANG_WARN_CONSTANT_CONVERSION = YES;
				CLANG_WARN_DIRECT_OBJC_ISA_USAGE = YES_ERROR;
				CLANG_WARN_EMPTY_BODY = YES;
				CLANG_WARN_ENUM_CONVERSION = YES;
				CLANG_WARN_INT_CONVERSION = YES;
				CLANG_WARN_OBJC_ROOT_CLASS = YES_ERROR;
				CLANG_WARN_UNREACHABLE_CODE = YES;
				CLANG_WARN__DUPLICATE_METHOD_MATCH = YES;
				"CODE_SIGN_IDENTITY[sdk=iphoneos*]" = "iPhone Developer";
				COPY_PHASE_STRIP = NO;
				DEBUG_INFORMATION_FORMAT = "dwarf-with-dsym";
				ENABLE_STRICT_OBJC_MSGSEND = YES;
				GCC_C_LANGUAGE_STANDARD = gnu99;
				GCC_DYNAMIC_NO_PIC = NO;
				GCC_NO_COMMON_BLOCKS = YES;
				GCC_OPTIMIZATION_LEVEL = 0;
				GCC_PREPROCESSOR_DEFINITIONS = (
					"DEBUG=1",
					"$(inherited)",
				);
				GCC_SYMBOLS_PRIVATE_EXTERN = NO;
				GCC_WARN_64_TO_32_BIT_CONVERSION = YES;
				GCC_WARN_ABOUT_RETURN_TYPE = YES_ERROR;
				GCC_WARN_UNDECLARED_SELECTOR = YES;
				GCC_WARN_UNINITIALIZED_AUTOS = YES_AGGRESSIVE;
				GCC_WARN_UNUSED_FUNCTION = YES;
				GCC_WARN_UNUSED_VARIABLE = YES;
				IPHONEOS_DEPLOYMENT_TARGET = 8.4;
				MTL_ENABLE_DEBUG_INFO = YES;
				ONLY_ACTIVE_ARCH = YES;
				SDKROOT = iphoneos;
			};
			name = Debug;
		};
		BD70844C1B9E8D8C006972AB /* Release */ = {
			isa = XCBuildConfiguration;
			buildSettings = {
				ALWAYS_SEARCH_USER_PATHS = NO;
				CLANG_CXX_LANGUAGE_STANDARD = "gnu++0x";
				CLANG_CXX_LIBRARY = "libc++";
				CLANG_ENABLE_MODULES = YES;
				CLANG_ENABLE_OBJC_ARC = YES;
				CLANG_WARN_BOOL_CONVERSION = YES;
				CLANG_WARN_CONSTANT_CONVERSION = YES;
				CLANG_WARN_DIRECT_OBJC_ISA_USAGE = YES_ERROR;
				CLANG_WARN_EMPTY_BODY = YES;
				CLANG_WARN_ENUM_CONVERSION = YES;
				CLANG_WARN_INT_CONVERSION = YES;
				CLANG_WARN_OBJC_ROOT_CLASS = YES_ERROR;
				CLANG_WARN_UNREACHABLE_CODE = YES;
				CLANG_WARN__DUPLICATE_METHOD_MATCH = YES;
				"CODE_SIGN_IDENTITY[sdk=iphoneos*]" = "iPhone Developer";
				COPY_PHASE_STRIP = NO;
				DEBUG_INFORMATION_FORMAT = "dwarf-with-dsym";
				ENABLE_NS_ASSERTIONS = NO;
				ENABLE_STRICT_OBJC_MSGSEND = YES;
				GCC_C_LANGUAGE_STANDARD = gnu99;
				GCC_NO_COMMON_BLOCKS = YES;
				GCC_WARN_64_TO_32_BIT_CONVERSION = YES;
				GCC_WARN_ABOUT_RETURN_TYPE = YES_ERROR;
				GCC_WARN_UNDECLARED_SELECTOR = YES;
				GCC_WARN_UNINITIALIZED_AUTOS = YES_AGGRESSIVE;
				GCC_WARN_UNUSED_FUNCTION = YES;
				GCC_WARN_UNUSED_VARIABLE = YES;
				IPHONEOS_DEPLOYMENT_TARGET = 8.4;
				MTL_ENABLE_DEBUG_INFO = NO;
				SDKROOT = iphoneos;
				VALIDATE_PRODUCT = YES;
			};
			name = Release;
		};
		BD70844E1B9E8D8C006972AB /* Debug */ = {
			isa = XCBuildConfiguration;
			buildSettings = {
				ASSETCATALOG_COMPILER_APPICON_NAME = AppIcon;
				INFOPLIST_FILE = FImageOperation/Info.plist;
				IPHONEOS_DEPLOYMENT_TARGET = 7.0;
				LD_RUNPATH_SEARCH_PATHS = "$(inherited) @executable_path/Frameworks";
				PRODUCT_NAME = "$(TARGET_NAME)";
			};
			name = Debug;
		};
		BD70844F1B9E8D8C006972AB /* Release */ = {
			isa = XCBuildConfiguration;
			buildSettings = {
				ASSETCATALOG_COMPILER_APPICON_NAME = AppIcon;
				INFOPLIST_FILE = FImageOperation/Info.plist;
				IPHONEOS_DEPLOYMENT_TARGET = 7.0;
				LD_RUNPATH_SEARCH_PATHS = "$(inherited) @executable_path/Frameworks";
				PRODUCT_NAME = "$(TARGET_NAME)";
			};
			name = Release;
		};
		BD7084511B9E8D8C006972AB /* Debug */ = {
			isa = XCBuildConfiguration;
			buildSettings = {
				BUNDLE_LOADER = "$(TEST_HOST)";
				FRAMEWORK_SEARCH_PATHS = (
					"$(SDKROOT)/Developer/Library/Frameworks",
					"$(inherited)",
				);
				GCC_PREPROCESSOR_DEFINITIONS = (
					"DEBUG=1",
					"$(inherited)",
				);
				INFOPLIST_FILE = FImageOperationTests/Info.plist;
				LD_RUNPATH_SEARCH_PATHS = "$(inherited) @executable_path/Frameworks @loader_path/Frameworks";
				PRODUCT_NAME = "$(TARGET_NAME)";
				TEST_HOST = "$(BUILT_PRODUCTS_DIR)/FImageOperation.app/FImageOperation";
			};
			name = Debug;
		};
		BD7084521B9E8D8C006972AB /* Release */ = {
			isa = XCBuildConfiguration;
			buildSettings = {
				BUNDLE_LOADER = "$(TEST_HOST)";
				FRAMEWORK_SEARCH_PATHS = (
					"$(SDKROOT)/Developer/Library/Frameworks",
					"$(inherited)",
				);
				INFOPLIST_FILE = FImageOperationTests/Info.plist;
				LD_RUNPATH_SEARCH_PATHS = "$(inherited) @executable_path/Frameworks @loader_path/Frameworks";
				PRODUCT_NAME = "$(TARGET_NAME)";
				TEST_HOST = "$(BUILT_PRODUCTS_DIR)/FImageOperation.app/FImageOperation";
			};
			name = Release;
		};
/* End XCBuildConfiguration section */

/* Begin XCConfigurationList section */
		BD7084251B9E8D8C006972AB /* Build configuration list for PBXProject "FImageOperation" */ = {
			isa = XCConfigurationList;
			buildConfigurations = (
				BD70844B1B9E8D8C006972AB /* Debug */,
				BD70844C1B9E8D8C006972AB /* Release */,
			);
			defaultConfigurationIsVisible = 0;
			defaultConfigurationName = Release;
		};
		BD70844D1B9E8D8C006972AB /* Build configuration list for PBXNativeTarget "FImageOperation" */ = {
			isa = XCConfigurationList;
			buildConfigurations = (
				BD70844E1B9E8D8C006972AB /* Debug */,
				BD70844F1B9E8D8C006972AB /* Release */,
			);
			defaultConfigurationIsVisible = 0;
			defaultConfigurationName = Release;
		};
		BD7084501B9E8D8C006972AB /* Build configuration list for PBXNativeTarget "FImageOperationTests" */ = {
			isa = XCConfigurationList;
			buildConfigurations = (
				BD7084511B9E8D8C006972AB /* Debug */,
				BD7084521B9E8D8C006972AB /* Release */,
			);
			defaultConfigurationIsVisible = 0;
			defaultConfigurationName = Release;
		};
/* End XCConfigurationList section */
	};
	rootObject = BD7084221B9E8D8C006972AB /* Project object */;
}
